
Microsoft Visual Studio Solution File, Format Version 12.00
# Visual Studio Version 16
VisualStudioVersion = 16.0.31019.35
MinimumVisualStudioVersion = 10.0.40219.1
Project("{9A19103F-16F7-4668-BE54-9A1E7A4F7556}") = "VideoCoursesSystem", "VideoCoursesSystem\VideoCoursesSystem.csproj", "{27EBCDAB-F9AE-48B8-91DF-80F06F32D620}"
EndProject
Project("{9A19103F-16F7-4668-BE54-9A1E7A4F7556}") = "VideoCoursesSystem.UnitTests", "VideoCoursesSystem.UnitTests\VideoCoursesSystem.UnitTests.csproj", "{15C5AC4C-2EEC-4390-B0C3-AA5BA5ED486C}"
EndProject
Global
	GlobalSection(SolutionConfigurationPlatforms) = preSolution
		Debug|Any CPU = Debug|Any CPU
		Release|Any CPU = Release|Any CPU
	EndGlobalSection
	GlobalSection(ProjectConfigurationPlatforms) = postSolution
		{27EBCDAB-F9AE-48B8-91DF-80F06F32D620}.Debug|Any CPU.ActiveCfg = Debug|Any CPU
		{27EBCDAB-F9AE-48B8-91DF-80F06F32D620}.Debug|Any CPU.Build.0 = Debug|Any CPU
		{27EBCDAB-F9AE-48B8-91DF-80F06F32D620}.Release|Any CPU.ActiveCfg = Release|Any CPU
		{27EBCDAB-F9AE-48B8-91DF-80F06F32D620}.Release|Any CPU.Build.0 = Release|Any CPU
		{15C5AC4C-2EEC-4390-B0C3-AA5BA5ED486C}.Debug|Any CPU.ActiveCfg = Debug|Any CPU
		{15C5AC4C-2EEC-4390-B0C3-AA5BA5ED486C}.Debug|Any CPU.Build.0 = Debug|Any CPU
		{15C5AC4C-2EEC-4390-B0C3-AA5BA5ED486C}.Release|Any CPU.ActiveCfg = Release|Any CPU
		{15C5AC4C-2EEC-4390-B0C3-AA5BA5ED486C}.Release|Any CPU.Build.0 = Release|Any CPU
	EndGlobalSection
	GlobalSection(SolutionProperties) = preSolution
		HideSolutionNode = FALSE
	EndGlobalSection
	GlobalSection(ExtensibilityGlobals) = postSolution
		SolutionGuid = {109A1570-BF02-480B-B6A0-98DD35577E8A}
	EndGlobalSection
EndGlobal
